
Microsoft Visual Studio Solution File, Format Version 12.00
# Visual Studio Version 17
VisualStudioVersion = 17.12.35527.113
MinimumVisualStudioVersion = 10.0.40219.1
Project("{2150E333-8FDC-42A3-9474-1A3956D46DE8}") = "ChainOfResponsibilityDesignPattern", "ChainOfResponsibilityDesignPattern", "{E697BAAC-2748-4612-86A4-601A4F393277}"
EndProject
Project("{FAE04EC0-301F-11D3-BF4B-00C04F79EFBC}") = "ChainOfResponsibilityDesignPattern.Example1", "ChainOfResponsibilityDesignPattern\ChainOfResponsibilityDesignPattern.Example1\ChainOfResponsibilityDesignPattern.Example1.csproj", "{97F2DD18-DE19-4034-86BA-4F535BBBC1D4}"
EndProject
Project("{FAE04EC0-301F-11D3-BF4B-00C04F79EFBC}") = "ChainOfResponsibilityDesignPattern.Example2", "ChainOfResponsibilityDesignPattern\ChainOfResponsibilityDesignPattern.Example2\ChainOfResponsibilityDesignPattern.Example2.csproj", "{3AACCD54-A82E-4381-9D32-2AFDE952D6B2}"
EndProject
Project("{FAE04EC0-301F-11D3-BF4B-00C04F79EFBC}") = "ChainOfResponsibilityDesignPattern.Example3", "ChainOfResponsibilityDesignPattern\ChainOfResponsibilityDesignPattern.Example3\ChainOfResponsibilityDesignPattern.Example3.csproj", "{0A6C765F-2AC4-4270-B680-022A5F1A0365}"
EndProject
Project("{2150E333-8FDC-42A3-9474-1A3956D46DE8}") = "CommandDesignPattern", "CommandDesignPattern", "{8B6BE329-F2CF-4853-8588-D869BD9EFAFA}"
EndProject
Project("{FAE04EC0-301F-11D3-BF4B-00C04F79EFBC}") = "CommandDesignPattern.Example1", "CommandDesignPattern\CommandDesignPattern.Example1\CommandDesignPattern.Example1.csproj", "{D7CB1133-453C-43EA-9320-9289B967B3AA}"
EndProject
Project("{FAE04EC0-301F-11D3-BF4B-00C04F79EFBC}") = "CommandDesignPattern.Example2", "CommandDesignPattern\CommandDesignPattern.Example2\CommandDesignPattern.Example2.csproj", "{3AA56820-22C8-4CAA-8497-2E948418B4AD}"
EndProject
Project("{FAE04EC0-301F-11D3-BF4B-00C04F79EFBC}") = "CommandDesignPattern.Example3", "CommandDesignPattern\CommandDesignPattern.Example3\CommandDesignPattern.Example3.csproj", "{AB30BEAF-C2C2-4A27-B9D1-770BB1955288}"
EndProject
Project("{2150E333-8FDC-42A3-9474-1A3956D46DE8}") = "IteratorDesignPattern", "IteratorDesignPattern", "{99FB34D0-BE7D-4D52-94B1-943C5EB0999C}"
EndProject
Project("{FAE04EC0-301F-11D3-BF4B-00C04F79EFBC}") = "IteratorDesignPattern.Example1", "IteratorDesignPattern\IteratorDesignPattern.Example1\IteratorDesignPattern.Example1.csproj", "{37A76188-C08F-43A0-8A9E-2EAA186E5768}"
EndProject
Project("{FAE04EC0-301F-11D3-BF4B-00C04F79EFBC}") = "IteratorDesignPattern.Example2", "IteratorDesignPattern\IteratorDesignPattern.Example2\IteratorDesignPattern.Example2.csproj", "{BF5D6BCD-7D9D-4A6A-9B36-04CF3DF1EB02}"
EndProject
Project("{2150E333-8FDC-42A3-9474-1A3956D46DE8}") = "MediatorDesignPattern", "MediatorDesignPattern", "{519E94DF-0F02-490B-8CA9-9D390E79ADF5}"
EndProject
Project("{FAE04EC0-301F-11D3-BF4B-00C04F79EFBC}") = "MediatorDesignPattern.Example1", "MediatorDesignPattern\MediatorDesignPattern.Example1\MediatorDesignPattern.Example1.csproj", "{809BB8AD-915D-4201-A2BA-CB70249D5FDA}"
EndProject
Project("{FAE04EC0-301F-11D3-BF4B-00C04F79EFBC}") = "MediatorDesignPattern.Example2", "MediatorDesignPattern\MediatorDesignPattern.Example2\MediatorDesignPattern.Example2.csproj", "{8533724B-2813-47AD-AF53-D007F4CC7F64}"
EndProject
Project("{FAE04EC0-301F-11D3-BF4B-00C04F79EFBC}") = "MediatorDesignPattern.Example3", "MediatorDesignPattern\MediatorDesignPattern.Example3\MediatorDesignPattern.Example3.csproj", "{010735EA-8E1A-4357-ABB9-7CE3392AF2B4}"
EndProject
Project("{2150E333-8FDC-42A3-9474-1A3956D46DE8}") = "MementoDesignPattern", "MementoDesignPattern", "{02EA681E-C7D8-13C7-8484-4AC65E1B71E8}"
EndProject
Project("{FAE04EC0-301F-11D3-BF4B-00C04F79EFBC}") = "MementoDesignPattern.Example1", "MementoDesignPattern\MementoDesignPattern.Example1\MementoDesignPattern.Example1.csproj", "{A16EBDEB-0DF6-4E00-AC97-0969D9C640A0}"
EndProject
Global
	GlobalSection(SolutionConfigurationPlatforms) = preSolution
		Debug|Any CPU = Debug|Any CPU
		Release|Any CPU = Release|Any CPU
	EndGlobalSection
	GlobalSection(ProjectConfigurationPlatforms) = postSolution
		{97F2DD18-DE19-4034-86BA-4F535BBBC1D4}.Debug|Any CPU.ActiveCfg = Debug|Any CPU
		{97F2DD18-DE19-4034-86BA-4F535BBBC1D4}.Debug|Any CPU.Build.0 = Debug|Any CPU
		{97F2DD18-DE19-4034-86BA-4F535BBBC1D4}.Release|Any CPU.ActiveCfg = Release|Any CPU
		{97F2DD18-DE19-4034-86BA-4F535BBBC1D4}.Release|Any CPU.Build.0 = Release|Any CPU
		{3AACCD54-A82E-4381-9D32-2AFDE952D6B2}.Debug|Any CPU.ActiveCfg = Debug|Any CPU
		{3AACCD54-A82E-4381-9D32-2AFDE952D6B2}.Debug|Any CPU.Build.0 = Debug|Any CPU
		{3AACCD54-A82E-4381-9D32-2AFDE952D6B2}.Release|Any CPU.ActiveCfg = Release|Any CPU
		{3AACCD54-A82E-4381-9D32-2AFDE952D6B2}.Release|Any CPU.Build.0 = Release|Any CPU
		{0A6C765F-2AC4-4270-B680-022A5F1A0365}.Debug|Any CPU.ActiveCfg = Debug|Any CPU
		{0A6C765F-2AC4-4270-B680-022A5F1A0365}.Debug|Any CPU.Build.0 = Debug|Any CPU
		{0A6C765F-2AC4-4270-B680-022A5F1A0365}.Release|Any CPU.ActiveCfg = Release|Any CPU
		{0A6C765F-2AC4-4270-B680-022A5F1A0365}.Release|Any CPU.Build.0 = Release|Any CPU
		{D7CB1133-453C-43EA-9320-9289B967B3AA}.Debug|Any CPU.ActiveCfg = Debug|Any CPU
		{D7CB1133-453C-43EA-9320-9289B967B3AA}.Debug|Any CPU.Build.0 = Debug|Any CPU
		{D7CB1133-453C-43EA-9320-9289B967B3AA}.Release|Any CPU.ActiveCfg = Release|Any CPU
		{D7CB1133-453C-43EA-9320-9289B967B3AA}.Release|Any CPU.Build.0 = Release|Any CPU
		{3AA56820-22C8-4CAA-8497-2E948418B4AD}.Debug|Any CPU.ActiveCfg = Debug|Any CPU
		{3AA56820-22C8-4CAA-8497-2E948418B4AD}.Debug|Any CPU.Build.0 = Debug|Any CPU
		{3AA56820-22C8-4CAA-8497-2E948418B4AD}.Release|Any CPU.ActiveCfg = Release|Any CPU
		{3AA56820-22C8-4CAA-8497-2E948418B4AD}.Release|Any CPU.Build.0 = Release|Any CPU
		{AB30BEAF-C2C2-4A27-B9D1-770BB1955288}.Debug|Any CPU.ActiveCfg = Debug|Any CPU
		{AB30BEAF-C2C2-4A27-B9D1-770BB1955288}.Debug|Any CPU.Build.0 = Debug|Any CPU
		{AB30BEAF-C2C2-4A27-B9D1-770BB1955288}.Release|Any CPU.ActiveCfg = Release|Any CPU
		{AB30BEAF-C2C2-4A27-B9D1-770BB1955288}.Release|Any CPU.Build.0 = Release|Any CPU
		{37A76188-C08F-43A0-8A9E-2EAA186E5768}.Debug|Any CPU.ActiveCfg = Debug|Any CPU
		{37A76188-C08F-43A0-8A9E-2EAA186E5768}.Debug|Any CPU.Build.0 = Debug|Any CPU
		{37A76188-C08F-43A0-8A9E-2EAA186E5768}.Release|Any CPU.ActiveCfg = Release|Any CPU
		{37A76188-C08F-43A0-8A9E-2EAA186E5768}.Release|Any CPU.Build.0 = Release|Any CPU
		{BF5D6BCD-7D9D-4A6A-9B36-04CF3DF1EB02}.Debug|Any CPU.ActiveCfg = Debug|Any CPU
		{BF5D6BCD-7D9D-4A6A-9B36-04CF3DF1EB02}.Debug|Any CPU.Build.0 = Debug|Any CPU
		{BF5D6BCD-7D9D-4A6A-9B36-04CF3DF1EB02}.Release|Any CPU.ActiveCfg = Release|Any CPU
		{BF5D6BCD-7D9D-4A6A-9B36-04CF3DF1EB02}.Release|Any CPU.Build.0 = Release|Any CPU
		{809BB8AD-915D-4201-A2BA-CB70249D5FDA}.Debug|Any CPU.ActiveCfg = Debug|Any CPU
		{809BB8AD-915D-4201-A2BA-CB70249D5FDA}.Debug|Any CPU.Build.0 = Debug|Any CPU
		{809BB8AD-915D-4201-A2BA-CB70249D5FDA}.Release|Any CPU.ActiveCfg = Release|Any CPU
		{809BB8AD-915D-4201-A2BA-CB70249D5FDA}.Release|Any CPU.Build.0 = Release|Any CPU
		{8533724B-2813-47AD-AF53-D007F4CC7F64}.Debug|Any CPU.ActiveCfg = Debug|Any CPU
		{8533724B-2813-47AD-AF53-D007F4CC7F64}.Debug|Any CPU.Build.0 = Debug|Any CPU
		{8533724B-2813-47AD-AF53-D007F4CC7F64}.Release|Any CPU.ActiveCfg = Release|Any CPU
		{8533724B-2813-47AD-AF53-D007F4CC7F64}.Release|Any CPU.Build.0 = Release|Any CPU
		{010735EA-8E1A-4357-ABB9-7CE3392AF2B4}.Debug|Any CPU.ActiveCfg = Debug|Any CPU
		{010735EA-8E1A-4357-ABB9-7CE3392AF2B4}.Debug|Any CPU.Build.0 = Debug|Any CPU
		{010735EA-8E1A-4357-ABB9-7CE3392AF2B4}.Release|Any CPU.ActiveCfg = Release|Any CPU
		{010735EA-8E1A-4357-ABB9-7CE3392AF2B4}.Release|Any CPU.Build.0 = Release|Any CPU
		{A16EBDEB-0DF6-4E00-AC97-0969D9C640A0}.Debug|Any CPU.ActiveCfg = Debug|Any CPU
		{A16EBDEB-0DF6-4E00-AC97-0969D9C640A0}.Debug|Any CPU.Build.0 = Debug|Any CPU
		{A16EBDEB-0DF6-4E00-AC97-0969D9C640A0}.Release|Any CPU.ActiveCfg = Release|Any CPU
		{A16EBDEB-0DF6-4E00-AC97-0969D9C640A0}.Release|Any CPU.Build.0 = Release|Any CPU
	EndGlobalSection
	GlobalSection(SolutionProperties) = preSolution
		HideSolutionNode = FALSE
	EndGlobalSection
	GlobalSection(NestedProjects) = preSolution
		{97F2DD18-DE19-4034-86BA-4F535BBBC1D4} = {E697BAAC-2748-4612-86A4-601A4F393277}
		{3AACCD54-A82E-4381-9D32-2AFDE952D6B2} = {E697BAAC-2748-4612-86A4-601A4F393277}
		{0A6C765F-2AC4-4270-B680-022A5F1A0365} = {E697BAAC-2748-4612-86A4-601A4F393277}
		{D7CB1133-453C-43EA-9320-9289B967B3AA} = {8B6BE329-F2CF-4853-8588-D869BD9EFAFA}
		{3AA56820-22C8-4CAA-8497-2E948418B4AD} = {8B6BE329-F2CF-4853-8588-D869BD9EFAFA}
		{AB30BEAF-C2C2-4A27-B9D1-770BB1955288} = {8B6BE329-F2CF-4853-8588-D869BD9EFAFA}
		{37A76188-C08F-43A0-8A9E-2EAA186E5768} = {99FB34D0-BE7D-4D52-94B1-943C5EB0999C}
		{BF5D6BCD-7D9D-4A6A-9B36-04CF3DF1EB02} = {99FB34D0-BE7D-4D52-94B1-943C5EB0999C}
		{809BB8AD-915D-4201-A2BA-CB70249D5FDA} = {519E94DF-0F02-490B-8CA9-9D390E79ADF5}
		{8533724B-2813-47AD-AF53-D007F4CC7F64} = {519E94DF-0F02-490B-8CA9-9D390E79ADF5}
		{010735EA-8E1A-4357-ABB9-7CE3392AF2B4} = {519E94DF-0F02-490B-8CA9-9D390E79ADF5}
		{A16EBDEB-0DF6-4E00-AC97-0969D9C640A0} = {02EA681E-C7D8-13C7-8484-4AC65E1B71E8}
	EndGlobalSection
	GlobalSection(ExtensibilityGlobals) = postSolution
		SolutionGuid = {2AC838BB-91B8-4B92-BA69-95A253446BDB}
	EndGlobalSection
EndGlobal
