
Microsoft Visual Studio Solution File, Format Version 12.00
# Visual Studio Version 17
VisualStudioVersion = 17.12.35527.113
MinimumVisualStudioVersion = 10.0.40219.1
Project("{2150E333-8FDC-42A3-9474-1A3956D46DE8}") = "ChainOfResponsibilityDesignPattern", "ChainOfResponsibilityDesignPattern", "{E697BAAC-2748-4612-86A4-601A4F393277}"
EndProject
Project("{FAE04EC0-301F-11D3-BF4B-00C04F79EFBC}") = "ChainOfResponsibilityDesignPattern.Example1", "ChainOfResponsibilityDesignPattern\ChainOfResponsibilityDesignPattern.Example1\ChainOfResponsibilityDesignPattern.Example1.csproj", "{97F2DD18-DE19-4034-86BA-4F535BBBC1D4}"
EndProject
Project("{FAE04EC0-301F-11D3-BF4B-00C04F79EFBC}") = "ChainOfResponsibilityDesignPattern.Example2", "ChainOfResponsibilityDesignPattern\ChainOfResponsibilityDesignPattern.Example2\ChainOfResponsibilityDesignPattern.Example2.csproj", "{3AACCD54-A82E-4381-9D32-2AFDE952D6B2}"
EndProject
Project("{FAE04EC0-301F-11D3-BF4B-00C04F79EFBC}") = "ChainOfResponsibilityDesignPattern.Example3", "ChainOfResponsibilityDesignPattern\ChainOfResponsibilityDesignPattern.Example3\ChainOfResponsibilityDesignPattern.Example3.csproj", "{0A6C765F-2AC4-4270-B680-022A5F1A0365}"
EndProject
Project("{2150E333-8FDC-42A3-9474-1A3956D46DE8}") = "CommandDesignPattern", "CommandDesignPattern", "{8B6BE329-F2CF-4853-8588-D869BD9EFAFA}"
EndProject
Project("{FAE04EC0-301F-11D3-BF4B-00C04F79EFBC}") = "CommandDesignPattern.Example1", "CommandDesignPattern\CommandDesignPattern.Example1\CommandDesignPattern.Example1.csproj", "{D7CB1133-453C-43EA-9320-9289B967B3AA}"
EndProject
Project("{FAE04EC0-301F-11D3-BF4B-00C04F79EFBC}") = "CommandDesignPattern.Example2", "CommandDesignPattern\CommandDesignPattern.Example2\CommandDesignPattern.Example2.csproj", "{3AA56820-22C8-4CAA-8497-2E948418B4AD}"
EndProject
Project("{FAE04EC0-301F-11D3-BF4B-00C04F79EFBC}") = "CommandDesignPattern.Example3", "CommandDesignPattern\CommandDesignPattern.Example3\CommandDesignPattern.Example3.csproj", "{AB30BEAF-C2C2-4A27-B9D1-770BB1955288}"
EndProject
Project("{2150E333-8FDC-42A3-9474-1A3956D46DE8}") = "IteratorDesignPattern", "IteratorDesignPattern", "{99FB34D0-BE7D-4D52-94B1-943C5EB0999C}"
EndProject
Project("{FAE04EC0-301F-11D3-BF4B-00C04F79EFBC}") = "IteratorDesignPattern.Example1", "IteratorDesignPattern\IteratorDesignPattern.Example1\IteratorDesignPattern.Example1.csproj", "{37A76188-C08F-43A0-8A9E-2EAA186E5768}"
EndProject
Global
	GlobalSection(SolutionConfigurationPlatforms) = preSolution
		Debug|Any CPU = Debug|Any CPU
		Release|Any CPU = Release|Any CPU
	EndGlobalSection
	GlobalSection(ProjectConfigurationPlatforms) = postSolution
		{97F2DD18-DE19-4034-86BA-4F535BBBC1D4}.Debug|Any CPU.ActiveCfg = Debug|Any CPU
		{97F2DD18-DE19-4034-86BA-4F535BBBC1D4}.Debug|Any CPU.Build.0 = Debug|Any CPU
		{97F2DD18-DE19-4034-86BA-4F535BBBC1D4}.Release|Any CPU.ActiveCfg = Release|Any CPU
		{97F2DD18-DE19-4034-86BA-4F535BBBC1D4}.Release|Any CPU.Build.0 = Release|Any CPU
		{3AACCD54-A82E-4381-9D32-2AFDE952D6B2}.Debug|Any CPU.ActiveCfg = Debug|Any CPU
		{3AACCD54-A82E-4381-9D32-2AFDE952D6B2}.Debug|Any CPU.Build.0 = Debug|Any CPU
		{3AACCD54-A82E-4381-9D32-2AFDE952D6B2}.Release|Any CPU.ActiveCfg = Release|Any CPU
		{3AACCD54-A82E-4381-9D32-2AFDE952D6B2}.Release|Any CPU.Build.0 = Release|Any CPU
		{0A6C765F-2AC4-4270-B680-022A5F1A0365}.Debug|Any CPU.ActiveCfg = Debug|Any CPU
		{0A6C765F-2AC4-4270-B680-022A5F1A0365}.Debug|Any CPU.Build.0 = Debug|Any CPU
		{0A6C765F-2AC4-4270-B680-022A5F1A0365}.Release|Any CPU.ActiveCfg = Release|Any CPU
		{0A6C765F-2AC4-4270-B680-022A5F1A0365}.Release|Any CPU.Build.0 = Release|Any CPU
		{D7CB1133-453C-43EA-9320-9289B967B3AA}.Debug|Any CPU.ActiveCfg = Debug|Any CPU
		{D7CB1133-453C-43EA-9320-9289B967B3AA}.Debug|Any CPU.Build.0 = Debug|Any CPU
		{D7CB1133-453C-43EA-9320-9289B967B3AA}.Release|Any CPU.ActiveCfg = Release|Any CPU
		{D7CB1133-453C-43EA-9320-9289B967B3AA}.Release|Any CPU.Build.0 = Release|Any CPU
		{3AA56820-22C8-4CAA-8497-2E948418B4AD}.Debug|Any CPU.ActiveCfg = Debug|Any CPU
		{3AA56820-22C8-4CAA-8497-2E948418B4AD}.Debug|Any CPU.Build.0 = Debug|Any CPU
		{3AA56820-22C8-4CAA-8497-2E948418B4AD}.Release|Any CPU.ActiveCfg = Release|Any CPU
		{3AA56820-22C8-4CAA-8497-2E948418B4AD}.Release|Any CPU.Build.0 = Release|Any CPU
		{AB30BEAF-C2C2-4A27-B9D1-770BB1955288}.Debug|Any CPU.ActiveCfg = Debug|Any CPU
		{AB30BEAF-C2C2-4A27-B9D1-770BB1955288}.Debug|Any CPU.Build.0 = Debug|Any CPU
		{AB30BEAF-C2C2-4A27-B9D1-770BB1955288}.Release|Any CPU.ActiveCfg = Release|Any CPU
		{AB30BEAF-C2C2-4A27-B9D1-770BB1955288}.Release|Any CPU.Build.0 = Release|Any CPU
		{37A76188-C08F-43A0-8A9E-2EAA186E5768}.Debug|Any CPU.ActiveCfg = Debug|Any CPU
		{37A76188-C08F-43A0-8A9E-2EAA186E5768}.Debug|Any CPU.Build.0 = Debug|Any CPU
		{37A76188-C08F-43A0-8A9E-2EAA186E5768}.Release|Any CPU.ActiveCfg = Release|Any CPU
		{37A76188-C08F-43A0-8A9E-2EAA186E5768}.Release|Any CPU.Build.0 = Release|Any CPU
	EndGlobalSection
	GlobalSection(SolutionProperties) = preSolution
		HideSolutionNode = FALSE
	EndGlobalSection
	GlobalSection(NestedProjects) = preSolution
		{97F2DD18-DE19-4034-86BA-4F535BBBC1D4} = {E697BAAC-2748-4612-86A4-601A4F393277}
		{3AACCD54-A82E-4381-9D32-2AFDE952D6B2} = {E697BAAC-2748-4612-86A4-601A4F393277}
		{0A6C765F-2AC4-4270-B680-022A5F1A0365} = {E697BAAC-2748-4612-86A4-601A4F393277}
		{D7CB1133-453C-43EA-9320-9289B967B3AA} = {8B6BE329-F2CF-4853-8588-D869BD9EFAFA}
		{3AA56820-22C8-4CAA-8497-2E948418B4AD} = {8B6BE329-F2CF-4853-8588-D869BD9EFAFA}
		{AB30BEAF-C2C2-4A27-B9D1-770BB1955288} = {8B6BE329-F2CF-4853-8588-D869BD9EFAFA}
		{37A76188-C08F-43A0-8A9E-2EAA186E5768} = {99FB34D0-BE7D-4D52-94B1-943C5EB0999C}
	EndGlobalSection
EndGlobal
